
Microsoft Visual Studio Solution File, Format Version 12.00
# Visual Studio Version 16
VisualStudioVersion = 16.0.29613.14
MinimumVisualStudioVersion = 10.0.40219.1
Project("{FAE04EC0-301F-11D3-BF4B-00C04F79EFBC}") = "StarsPattern", "StarsPattern\StarsPattern.csproj", "{C035DBD9-CEAF-458C-BBC2-9198B5573CD6}"
EndProject
Global
	GlobalSection(SolutionConfigurationPlatforms) = preSolution
		Debug|Any CPU = Debug|Any CPU
		Release|Any CPU = Release|Any CPU
	EndGlobalSection
	GlobalSection(ProjectConfigurationPlatforms) = postSolution
		{C035DBD9-CEAF-458C-BBC2-9198B5573CD6}.Debug|Any CPU.ActiveCfg = Debug|Any CPU
		{C035DBD9-CEAF-458C-BBC2-9198B5573CD6}.Debug|Any CPU.Build.0 = Debug|Any CPU
		{C035DBD9-CEAF-458C-BBC2-9198B5573CD6}.Release|Any CPU.ActiveCfg = Release|Any CPU
		{C035DBD9-CEAF-458C-BBC2-9198B5573CD6}.Release|Any CPU.Build.0 = Release|Any CPU
	EndGlobalSection
	GlobalSection(SolutionProperties) = preSolution
		HideSolutionNode = FALSE
	EndGlobalSection
	GlobalSection(ExtensibilityGlobals) = postSolution
		SolutionGuid = {FA8911D9-3A48-44DF-91E8-3EC6BE725FB8}
	EndGlobalSection
EndGlobal
